
Microsoft Visual Studio Solution File, Format Version 12.00
# Visual Studio Version 16
VisualStudioVersion = 16.0.29728.190
MinimumVisualStudioVersion = 10.0.40219.1
Project("{FAE04EC0-301F-11D3-BF4B-00C04F79EFBC}") = "Bike", "Bike\Bike.csproj", "{FB25FDC1-043F-4E80-AA4C-98C54870F591}"
EndProject
Project("{FAE04EC0-301F-11D3-BF4B-00C04F79EFBC}") = "BikeTests", "BikeTests\BikeTests.csproj", "{3AD69B99-9184-4EC3-9C81-399962AB7087}"
EndProject
Global
	GlobalSection(SolutionConfigurationPlatforms) = preSolution
		Debug|Any CPU = Debug|Any CPU
		Release|Any CPU = Release|Any CPU
	EndGlobalSection
	GlobalSection(ProjectConfigurationPlatforms) = postSolution
		{FB25FDC1-043F-4E80-AA4C-98C54870F591}.Debug|Any CPU.ActiveCfg = Debug|Any CPU
		{FB25FDC1-043F-4E80-AA4C-98C54870F591}.Debug|Any CPU.Build.0 = Debug|Any CPU
		{FB25FDC1-043F-4E80-AA4C-98C54870F591}.Release|Any CPU.ActiveCfg = Release|Any CPU
		{FB25FDC1-043F-4E80-AA4C-98C54870F591}.Release|Any CPU.Build.0 = Release|Any CPU
		{3AD69B99-9184-4EC3-9C81-399962AB7087}.Debug|Any CPU.ActiveCfg = Debug|Any CPU
		{3AD69B99-9184-4EC3-9C81-399962AB7087}.Debug|Any CPU.Build.0 = Debug|Any CPU
		{3AD69B99-9184-4EC3-9C81-399962AB7087}.Release|Any CPU.ActiveCfg = Release|Any CPU
		{3AD69B99-9184-4EC3-9C81-399962AB7087}.Release|Any CPU.Build.0 = Release|Any CPU
	EndGlobalSection
	GlobalSection(SolutionProperties) = preSolution
		HideSolutionNode = FALSE
	EndGlobalSection
	GlobalSection(ExtensibilityGlobals) = postSolution
		SolutionGuid = {D948B459-8BED-4593-AB8F-725AD0822D3E}
	EndGlobalSection
EndGlobal
